
Microsoft Visual Studio Solution File, Format Version 12.00
# Visual Studio Version 17
VisualStudioVersion = 17.4.33205.214
MinimumVisualStudioVersion = 10.0.40219.1
Project("{FAE04EC0-301F-11D3-BF4B-00C04F79EFBC}") = "beauty studio", "beauty studio\beauty studio.csproj", "{9C18726A-2520-45E2-95F5-18162140B721}"
EndProject
Global
	GlobalSection(SolutionConfigurationPlatforms) = preSolution
		Debug|Any CPU = Debug|Any CPU
		Release|Any CPU = Release|Any CPU
	EndGlobalSection
	GlobalSection(ProjectConfigurationPlatforms) = postSolution
		{9C18726A-2520-45E2-95F5-18162140B721}.Debug|Any CPU.ActiveCfg = Debug|Any CPU
		{9C18726A-2520-45E2-95F5-18162140B721}.Debug|Any CPU.Build.0 = Debug|Any CPU
		{9C18726A-2520-45E2-95F5-18162140B721}.Release|Any CPU.ActiveCfg = Release|Any CPU
		{9C18726A-2520-45E2-95F5-18162140B721}.Release|Any CPU.Build.0 = Release|Any CPU
	EndGlobalSection
	GlobalSection(SolutionProperties) = preSolution
		HideSolutionNode = FALSE
	EndGlobalSection
	GlobalSection(ExtensibilityGlobals) = postSolution
		SolutionGuid = {ECC7D116-0A0B-438A-B0BC-1F7193BD5B5A}
	EndGlobalSection
EndGlobal
